// !$*UTF8*$!
{
	archiveVersion = 1;
	classes = {
	};
	objectVersion = 77;
	objects = {

/* Begin PBXBuildFile section */
		F516CA072DA6B1DA00698F9E /* WidgetKit.framework in Frameworks */ = {isa = PBXBuildFile; fileRef = F516CA062DA6B1DA00698F9E /* WidgetKit.framework */; };
		F516CA092DA6B1DA00698F9E /* SwiftUI.framework in Frameworks */ = {isa = PBXBuildFile; fileRef = F516CA082DA6B1DA00698F9E /* SwiftUI.framework */; };
		F516CA162DA6B1DC00698F9E /* CustomWidgetExtension.appex in Embed Foundation Extensions */ = {isa = PBXBuildFile; fileRef = F516CA042DA6B1DA00698F9E /* CustomWidgetExtension.appex */; settings = {ATTRIBUTES = (RemoveHeadersOnCopy, ); }; };
/* End PBXBuildFile section */

/* Begin PBXContainerItemProxy section */
		F516C9892DA6A38D00698F9E /* PBXContainerItemProxy */ = {
			isa = PBXContainerItemProxy;
			containerPortal = F516C96B2DA6A38B00698F9E /* Project object */;
			proxyType = 1;
			remoteGlobalIDString = F516C9722DA6A38B00698F9E;
			remoteInfo = Trackli;
		};
		F516C9932DA6A38D00698F9E /* PBXContainerItemProxy */ = {
			isa = PBXContainerItemProxy;
			containerPortal = F516C96B2DA6A38B00698F9E /* Project object */;
			proxyType = 1;
			remoteGlobalIDString = F516C9722DA6A38B00698F9E;
			remoteInfo = Trackli;
		};
		F516CA142DA6B1DC00698F9E /* PBXContainerItemProxy */ = {
			isa = PBXContainerItemProxy;
			containerPortal = F516C96B2DA6A38B00698F9E /* Project object */;
			proxyType = 1;
			remoteGlobalIDString = F516CA032DA6B1DA00698F9E;
			remoteInfo = CustomWidgetExtension;
		};
/* End PBXContainerItemProxy section */

/* Begin PBXCopyFilesBuildPhase section */
		F516CA1B2DA6B1DC00698F9E /* Embed Foundation Extensions */ = {
			isa = PBXCopyFilesBuildPhase;
			buildActionMask = 2147483647;
			dstPath = "";
			dstSubfolderSpec = 13;
			files = (
				F516CA162DA6B1DC00698F9E /* CustomWidgetExtension.appex in Embed Foundation Extensions */,
			);
			name = "Embed Foundation Extensions";
			runOnlyForDeploymentPostprocessing = 0;
		};
/* End PBXCopyFilesBuildPhase section */

/* Begin PBXFileReference section */
		F516C9732DA6A38B00698F9E /* Trackli.app */ = {isa = PBXFileReference; explicitFileType = wrapper.application; includeInIndex = 0; path = Trackli.app; sourceTree = BUILT_PRODUCTS_DIR; };
		F516C9882DA6A38D00698F9E /* TrackliTests.xctest */ = {isa = PBXFileReference; explicitFileType = wrapper.cfbundle; includeInIndex = 0; path = TrackliTests.xctest; sourceTree = BUILT_PRODUCTS_DIR; };
		F516C9922DA6A38D00698F9E /* TrackliUITests.xctest */ = {isa = PBXFileReference; explicitFileType = wrapper.cfbundle; includeInIndex = 0; path = TrackliUITests.xctest; sourceTree = BUILT_PRODUCTS_DIR; };
		F516CA042DA6B1DA00698F9E /* CustomWidgetExtension.appex */ = {isa = PBXFileReference; explicitFileType = "wrapper.app-extension"; includeInIndex = 0; path = CustomWidgetExtension.appex; sourceTree = BUILT_PRODUCTS_DIR; };
		F516CA062DA6B1DA00698F9E /* WidgetKit.framework */ = {isa = PBXFileReference; lastKnownFileType = wrapper.framework; name = WidgetKit.framework; path = System/Library/Frameworks/WidgetKit.framework; sourceTree = SDKROOT; };
		F516CA082DA6B1DA00698F9E /* SwiftUI.framework */ = {isa = PBXFileReference; lastKnownFileType = wrapper.framework; name = SwiftUI.framework; path = System/Library/Frameworks/SwiftUI.framework; sourceTree = SDKROOT; };
		F516CA1F2DA6BA6A00698F9E /* CustomWidgetExtension.entitlements */ = {isa = PBXFileReference; lastKnownFileType = text.plist.entitlements; path = CustomWidgetExtension.entitlements; sourceTree = "<group>"; };
/* End PBXFileReference section */

/* Begin PBXFileSystemSynchronizedBuildFileExceptionSet section */
		F516CA172DA6B1DC00698F9E /* Exceptions for "CustomWidget" folder in "CustomWidgetExtension" target */ = {
			isa = PBXFileSystemSynchronizedBuildFileExceptionSet;
			membershipExceptions = (
				Info.plist,
			);
			target = F516CA032DA6B1DA00698F9E /* CustomWidgetExtension */;
		};
		F516CA1D2DA6B8BD00698F9E /* Exceptions for "Trackli" folder in "CustomWidgetExtension" target */ = {
			isa = PBXFileSystemSynchronizedBuildFileExceptionSet;
			membershipExceptions = (
				"/Localized: Resources/Localizable.strings",
				Persistence.swift,
				Trackli.xcdatamodeld,
			);
			target = F516CA032DA6B1DA00698F9E /* CustomWidgetExtension */;
		};
/* End PBXFileSystemSynchronizedBuildFileExceptionSet section */

/* Begin PBXFileSystemSynchronizedRootGroup section */
		F516C9752DA6A38B00698F9E /* Trackli */ = {
			isa = PBXFileSystemSynchronizedRootGroup;
			exceptions = (
				F516CA1D2DA6B8BD00698F9E /* Exceptions for "Trackli" folder in "CustomWidgetExtension" target */,
			);
			path = Trackli;
			sourceTree = "<group>";
		};
		F516C98B2DA6A38D00698F9E /* TrackliTests */ = {
			isa = PBXFileSystemSynchronizedRootGroup;
			path = TrackliTests;
			sourceTree = "<group>";
		};
		F516C9952DA6A38D00698F9E /* TrackliUITests */ = {
			isa = PBXFileSystemSynchronizedRootGroup;
			path = TrackliUITests;
			sourceTree = "<group>";
		};
		F516CA0A2DA6B1DA00698F9E /* CustomWidget */ = {
			isa = PBXFileSystemSynchronizedRootGroup;
			exceptions = (
				F516CA172DA6B1DC00698F9E /* Exceptions for "CustomWidget" folder in "CustomWidgetExtension" target */,
			);
			path = CustomWidget;
			sourceTree = "<group>";
		};
/* End PBXFileSystemSynchronizedRootGroup section */

/* Begin PBXFrameworksBuildPhase section */
		F516C9702DA6A38B00698F9E /* Frameworks */ = {
			isa = PBXFrameworksBuildPhase;
			buildActionMask = 2147483647;
			files = (
			);
			runOnlyForDeploymentPostprocessing = 0;
		};
		F516C9852DA6A38D00698F9E /* Frameworks */ = {
			isa = PBXFrameworksBuildPhase;
			buildActionMask = 2147483647;
			files = (
			);
			runOnlyForDeploymentPostprocessing = 0;
		};
		F516C98F2DA6A38D00698F9E /* Frameworks */ = {
			isa = PBXFrameworksBuildPhase;
			buildActionMask = 2147483647;
			files = (
			);
			runOnlyForDeploymentPostprocessing = 0;
		};
		F516CA012DA6B1DA00698F9E /* Frameworks */ = {
			isa = PBXFrameworksBuildPhase;
			buildActionMask = 2147483647;
			files = (
				F516CA092DA6B1DA00698F9E /* SwiftUI.framework in Frameworks */,
				F516CA072DA6B1DA00698F9E /* WidgetKit.framework in Frameworks */,
			);
			runOnlyForDeploymentPostprocessing = 0;
		};
/* End PBXFrameworksBuildPhase section */

/* Begin PBXGroup section */
		F516C96A2DA6A38B00698F9E = {
			isa = PBXGroup;
			children = (
				F516CA1F2DA6BA6A00698F9E /* CustomWidgetExtension.entitlements */,
				F516C9752DA6A38B00698F9E /* Trackli */,
				F516C98B2DA6A38D00698F9E /* TrackliTests */,
				F516C9952DA6A38D00698F9E /* TrackliUITests */,
				F516CA0A2DA6B1DA00698F9E /* CustomWidget */,
				F516CA052DA6B1DA00698F9E /* Frameworks */,
				F516C9742DA6A38B00698F9E /* Products */,
			);
			sourceTree = "<group>";
		};
		F516C9742DA6A38B00698F9E /* Products */ = {
			isa = PBXGroup;
			children = (
				F516C9732DA6A38B00698F9E /* Trackli.app */,
				F516C9882DA6A38D00698F9E /* TrackliTests.xctest */,
				F516C9922DA6A38D00698F9E /* TrackliUITests.xctest */,
				F516CA042DA6B1DA00698F9E /* CustomWidgetExtension.appex */,
			);
			name = Products;
			sourceTree = "<group>";
		};
		F516CA052DA6B1DA00698F9E /* Frameworks */ = {
			isa = PBXGroup;
			children = (
				F516CA062DA6B1DA00698F9E /* WidgetKit.framework */,
				F516CA082DA6B1DA00698F9E /* SwiftUI.framework */,
			);
			name = Frameworks;
			sourceTree = "<group>";
		};
/* End PBXGroup section */

/* Begin PBXNativeTarget section */
		F516C9722DA6A38B00698F9E /* Trackli */ = {
			isa = PBXNativeTarget;
			buildConfigurationList = F516C99C2DA6A38D00698F9E /* Build configuration list for PBXNativeTarget "Trackli" */;
			buildPhases = (
				F516C96F2DA6A38B00698F9E /* Sources */,
				F516C9702DA6A38B00698F9E /* Frameworks */,
				F516C9712DA6A38B00698F9E /* Resources */,
				F516CA1B2DA6B1DC00698F9E /* Embed Foundation Extensions */,
			);
			buildRules = (
			);
			dependencies = (
				F516CA152DA6B1DC00698F9E /* PBXTargetDependency */,
			);
			fileSystemSynchronizedGroups = (
				F516C9752DA6A38B00698F9E /* Trackli */,
			);
			name = Trackli;
			packageProductDependencies = (
			);
			productName = Trackli;
			productReference = F516C9732DA6A38B00698F9E /* Trackli.app */;
			productType = "com.apple.product-type.application";
		};
		F516C9872DA6A38D00698F9E /* TrackliTests */ = {
			isa = PBXNativeTarget;
			buildConfigurationList = F516C99F2DA6A38D00698F9E /* Build configuration list for PBXNativeTarget "TrackliTests" */;
			buildPhases = (
				F516C9842DA6A38D00698F9E /* Sources */,
				F516C9852DA6A38D00698F9E /* Frameworks */,
				F516C9862DA6A38D00698F9E /* Resources */,
			);
			buildRules = (
			);
			dependencies = (
				F516C98A2DA6A38D00698F9E /* PBXTargetDependency */,
			);
			fileSystemSynchronizedGroups = (
				F516C98B2DA6A38D00698F9E /* TrackliTests */,
			);
			name = TrackliTests;
			packageProductDependencies = (
			);
			productName = TrackliTests;
			productReference = F516C9882DA6A38D00698F9E /* TrackliTests.xctest */;
			productType = "com.apple.product-type.bundle.unit-test";
		};
		F516C9912DA6A38D00698F9E /* TrackliUITests */ = {
			isa = PBXNativeTarget;
			buildConfigurationList = F516C9A22DA6A38D00698F9E /* Build configuration list for PBXNativeTarget "TrackliUITests" */;
			buildPhases = (
				F516C98E2DA6A38D00698F9E /* Sources */,
				F516C98F2DA6A38D00698F9E /* Frameworks */,
				F516C9902DA6A38D00698F9E /* Resources */,
			);
			buildRules = (
			);
			dependencies = (
				F516C9942DA6A38D00698F9E /* PBXTargetDependency */,
			);
			fileSystemSynchronizedGroups = (
				F516C9952DA6A38D00698F9E /* TrackliUITests */,
			);
			name = TrackliUITests;
			packageProductDependencies = (
			);
			productName = TrackliUITests;
			productReference = F516C9922DA6A38D00698F9E /* TrackliUITests.xctest */;
			productType = "com.apple.product-type.bundle.ui-testing";
		};
		F516CA032DA6B1DA00698F9E /* CustomWidgetExtension */ = {
			isa = PBXNativeTarget;
			buildConfigurationList = F516CA182DA6B1DC00698F9E /* Build configuration list for PBXNativeTarget "CustomWidgetExtension" */;
			buildPhases = (
				F516CA002DA6B1DA00698F9E /* Sources */,
				F516CA012DA6B1DA00698F9E /* Frameworks */,
				F516CA022DA6B1DA00698F9E /* Resources */,
			);
			buildRules = (
			);
			dependencies = (
			);
			fileSystemSynchronizedGroups = (
				F516CA0A2DA6B1DA00698F9E /* CustomWidget */,
			);
			name = CustomWidgetExtension;
			packageProductDependencies = (
			);
			productName = CustomWidgetExtension;
			productReference = F516CA042DA6B1DA00698F9E /* CustomWidgetExtension.appex */;
			productType = "com.apple.product-type.app-extension";
		};
/* End PBXNativeTarget section */

/* Begin PBXProject section */
		F516C96B2DA6A38B00698F9E /* Project object */ = {
			isa = PBXProject;
			attributes = {
				BuildIndependentTargetsInParallel = 1;
				LastSwiftUpdateCheck = 1620;
				LastUpgradeCheck = 1620;
				TargetAttributes = {
					F516C9722DA6A38B00698F9E = {
						CreatedOnToolsVersion = 16.2;
					};
					F516C9872DA6A38D00698F9E = {
						CreatedOnToolsVersion = 16.2;
						TestTargetID = F516C9722DA6A38B00698F9E;
					};
					F516C9912DA6A38D00698F9E = {
						CreatedOnToolsVersion = 16.2;
						TestTargetID = F516C9722DA6A38B00698F9E;
					};
					F516CA032DA6B1DA00698F9E = {
						CreatedOnToolsVersion = 16.2;
					};
				};
			};
			buildConfigurationList = F516C96E2DA6A38B00698F9E /* Build configuration list for PBXProject "Trackli" */;
			developmentRegion = en;
			hasScannedForEncodings = 0;
			knownRegions = (
				en,
				Base,
				pl,
				"zh-Hans",
			);
			mainGroup = F516C96A2DA6A38B00698F9E;
			minimizedProjectReferenceProxies = 1;
			preferredProjectObjectVersion = 77;
			productRefGroup = F516C9742DA6A38B00698F9E /* Products */;
			projectDirPath = "";
			projectRoot = "";
			targets = (
				F516C9722DA6A38B00698F9E /* Trackli */,
				F516C9872DA6A38D00698F9E /* TrackliTests */,
				F516C9912DA6A38D00698F9E /* TrackliUITests */,
				F516CA032DA6B1DA00698F9E /* CustomWidgetExtension */,
			);
		};
/* End PBXProject section */

/* Begin PBXResourcesBuildPhase section */
		F516C9712DA6A38B00698F9E /* Resources */ = {
			isa = PBXResourcesBuildPhase;
			buildActionMask = 2147483647;
			files = (
			);
			runOnlyForDeploymentPostprocessing = 0;
		};
		F516C9862DA6A38D00698F9E /* Resources */ = {
			isa = PBXResourcesBuildPhase;
			buildActionMask = 2147483647;
			files = (
			);
			runOnlyForDeploymentPostprocessing = 0;
		};
		F516C9902DA6A38D00698F9E /* Resources */ = {
			isa = PBXResourcesBuildPhase;
			buildActionMask = 2147483647;
			files = (
			);
			runOnlyForDeploymentPostprocessing = 0;
		};
		F516CA022DA6B1DA00698F9E /* Resources */ = {
			isa = PBXResourcesBuildPhase;
			buildActionMask = 2147483647;
			files = (
			);
			runOnlyForDeploymentPostprocessing = 0;
		};
/* End PBXResourcesBuildPhase section */

/* Begin PBXSourcesBuildPhase section */
		F516C96F2DA6A38B00698F9E /* Sources */ = {
			isa = PBXSourcesBuildPhase;
			buildActionMask = 2147483647;
			files = (
			);
			runOnlyForDeploymentPostprocessing = 0;
		};
		F516C9842DA6A38D00698F9E /* Sources */ = {
			isa = PBXSourcesBuildPhase;
			buildActionMask = 2147483647;
			files = (
			);
			runOnlyForDeploymentPostprocessing = 0;
		};
		F516C98E2DA6A38D00698F9E /* Sources */ = {
			isa = PBXSourcesBuildPhase;
			buildActionMask = 2147483647;
			files = (
			);
			runOnlyForDeploymentPostprocessing = 0;
		};
		F516CA002DA6B1DA00698F9E /* Sources */ = {
			isa = PBXSourcesBuildPhase;
			buildActionMask = 2147483647;
			files = (
			);
			runOnlyForDeploymentPostprocessing = 0;
		};
/* End PBXSourcesBuildPhase section */

/* Begin PBXTargetDependency section */
		F516C98A2DA6A38D00698F9E /* PBXTargetDependency */ = {
			isa = PBXTargetDependency;
			target = F516C9722DA6A38B00698F9E /* Trackli */;
			targetProxy = F516C9892DA6A38D00698F9E /* PBXContainerItemProxy */;
		};
		F516C9942DA6A38D00698F9E /* PBXTargetDependency */ = {
			isa = PBXTargetDependency;
			target = F516C9722DA6A38B00698F9E /* Trackli */;
			targetProxy = F516C9932DA6A38D00698F9E /* PBXContainerItemProxy */;
		};
		F516CA152DA6B1DC00698F9E /* PBXTargetDependency */ = {
			isa = PBXTargetDependency;
			target = F516CA032DA6B1DA00698F9E /* CustomWidgetExtension */;
			targetProxy = F516CA142DA6B1DC00698F9E /* PBXContainerItemProxy */;
		};
/* End PBXTargetDependency section */

/* Begin XCBuildConfiguration section */
		F516C99A2DA6A38D00698F9E /* Debug */ = {
			isa = XCBuildConfiguration;
			buildSettings = {
				ALWAYS_SEARCH_USER_PATHS = NO;
				ASSETCATALOG_COMPILER_GENERATE_SWIFT_ASSET_SYMBOL_EXTENSIONS = YES;
				CLANG_ANALYZER_NONNULL = YES;
				CLANG_ANALYZER_NUMBER_OBJECT_CONVERSION = YES_AGGRESSIVE;
				CLANG_CXX_LANGUAGE_STANDARD = "gnu++20";
				CLANG_ENABLE_MODULES = YES;
				CLANG_ENABLE_OBJC_ARC = YES;
				CLANG_ENABLE_OBJC_WEAK = YES;
				CLANG_WARN_BLOCK_CAPTURE_AUTORELEASING = YES;
				CLANG_WARN_BOOL_CONVERSION = YES;
				CLANG_WARN_COMMA = YES;
				CLANG_WARN_CONSTANT_CONVERSION = YES;
				CLANG_WARN_DEPRECATED_OBJC_IMPLEMENTATIONS = YES;
				CLANG_WARN_DIRECT_OBJC_ISA_USAGE = YES_ERROR;
				CLANG_WARN_DOCUMENTATION_COMMENTS = YES;
				CLANG_WARN_EMPTY_BODY = YES;
				CLANG_WARN_ENUM_CONVERSION = YES;
				CLANG_WARN_INFINITE_RECURSION = YES;
				CLANG_WARN_INT_CONVERSION = YES;
				CLANG_WARN_NON_LITERAL_NULL_CONVERSION = YES;
				CLANG_WARN_OBJC_IMPLICIT_RETAIN_SELF = YES;
				CLANG_WARN_OBJC_LITERAL_CONVERSION = YES;
				CLANG_WARN_OBJC_ROOT_CLASS = YES_ERROR;
				CLANG_WARN_QUOTED_INCLUDE_IN_FRAMEWORK_HEADER = YES;
				CLANG_WARN_RANGE_LOOP_ANALYSIS = YES;
				CLANG_WARN_STRICT_PROTOTYPES = YES;
				CLANG_WARN_SUSPICIOUS_MOVE = YES;
				CLANG_WARN_UNGUARDED_AVAILABILITY = YES_AGGRESSIVE;
				CLANG_WARN_UNREACHABLE_CODE = YES;
				CLANG_WARN__DUPLICATE_METHOD_MATCH = YES;
				COPY_PHASE_STRIP = NO;
				DEBUG_INFORMATION_FORMAT = dwarf;
				ENABLE_STRICT_OBJC_MSGSEND = YES;
				ENABLE_TESTABILITY = YES;
				ENABLE_USER_SCRIPT_SANDBOXING = YES;
				GCC_C_LANGUAGE_STANDARD = gnu17;
				GCC_DYNAMIC_NO_PIC = NO;
				GCC_NO_COMMON_BLOCKS = YES;
				GCC_OPTIMIZATION_LEVEL = 0;
				GCC_PREPROCESSOR_DEFINITIONS = (
					"DEBUG=1",
					"$(inherited)",
				);
				GCC_WARN_64_TO_32_BIT_CONVERSION = YES;
				GCC_WARN_ABOUT_RETURN_TYPE = YES_ERROR;
				GCC_WARN_UNDECLARED_SELECTOR = YES;
				GCC_WARN_UNINITIALIZED_AUTOS = YES_AGGRESSIVE;
				GCC_WARN_UNUSED_FUNCTION = YES;
				GCC_WARN_UNUSED_VARIABLE = YES;
				IPHONEOS_DEPLOYMENT_TARGET = 18.2;
				LOCALIZATION_PREFERS_STRING_CATALOGS = YES;
				MTL_ENABLE_DEBUG_INFO = INCLUDE_SOURCE;
				MTL_FAST_MATH = YES;
				ONLY_ACTIVE_ARCH = YES;
				SDKROOT = iphoneos;
				SWIFT_ACTIVE_COMPILATION_CONDITIONS = "DEBUG $(inherited)";
				SWIFT_OPTIMIZATION_LEVEL = "-Onone";
			};
			name = Debug;
		};
		F516C99B2DA6A38D00698F9E /* Release */ = {
			isa = XCBuildConfiguration;
			buildSettings = {
				ALWAYS_SEARCH_USER_PATHS = NO;
				ASSETCATALOG_COMPILER_GENERATE_SWIFT_ASSET_SYMBOL_EXTENSIONS = YES;
				CLANG_ANALYZER_NONNULL = YES;
				CLANG_ANALYZER_NUMBER_OBJECT_CONVERSION = YES_AGGRESSIVE;
				CLANG_CXX_LANGUAGE_STANDARD = "gnu++20";
				CLANG_ENABLE_MODULES = YES;
				CLANG_ENABLE_OBJC_ARC = YES;
				CLANG_ENABLE_OBJC_WEAK = YES;
				CLANG_WARN_BLOCK_CAPTURE_AUTORELEASING = YES;
				CLANG_WARN_BOOL_CONVERSION = YES;
				CLANG_WARN_COMMA = YES;
				CLANG_WARN_CONSTANT_CONVERSION = YES;
				CLANG_WARN_DEPRECATED_OBJC_IMPLEMENTATIONS = YES;
				CLANG_WARN_DIRECT_OBJC_ISA_USAGE = YES_ERROR;
				CLANG_WARN_DOCUMENTATION_COMMENTS = YES;
				CLANG_WARN_EMPTY_BODY = YES;
				CLANG_WARN_ENUM_CONVERSION = YES;
				CLANG_WARN_INFINITE_RECURSION = YES;
				CLANG_WARN_INT_CONVERSION = YES;
				CLANG_WARN_NON_LITERAL_NULL_CONVERSION = YES;
				CLANG_WARN_OBJC_IMPLICIT_RETAIN_SELF = YES;
				CLANG_WARN_OBJC_LITERAL_CONVERSION = YES;
				CLANG_WARN_OBJC_ROOT_CLASS = YES_ERROR;
				CLANG_WARN_QUOTED_INCLUDE_IN_FRAMEWORK_HEADER = YES;
				CLANG_WARN_RANGE_LOOP_ANALYSIS = YES;
				CLANG_WARN_STRICT_PROTOTYPES = YES;
				CLANG_WARN_SUSPICIOUS_MOVE = YES;
				CLANG_WARN_UNGUARDED_AVAILABILITY = YES_AGGRESSIVE;
				CLANG_WARN_UNREACHABLE_CODE = YES;
				CLANG_WARN__DUPLICATE_METHOD_MATCH = YES;
				COPY_PHASE_STRIP = NO;
				DEBUG_INFORMATION_FORMAT = "dwarf-with-dsym";
				ENABLE_NS_ASSERTIONS = NO;
				ENABLE_STRICT_OBJC_MSGSEND = YES;
				ENABLE_USER_SCRIPT_SANDBOXING = YES;
				GCC_C_LANGUAGE_STANDARD = gnu17;
				GCC_NO_COMMON_BLOCKS = YES;
				GCC_WARN_64_TO_32_BIT_CONVERSION = YES;
				GCC_WARN_ABOUT_RETURN_TYPE = YES_ERROR;
				GCC_WARN_UNDECLARED_SELECTOR = YES;
				GCC_WARN_UNINITIALIZED_AUTOS = YES_AGGRESSIVE;
				GCC_WARN_UNUSED_FUNCTION = YES;
				GCC_WARN_UNUSED_VARIABLE = YES;
				IPHONEOS_DEPLOYMENT_TARGET = 18.2;
				LOCALIZATION_PREFERS_STRING_CATALOGS = YES;
				MTL_ENABLE_DEBUG_INFO = NO;
				MTL_FAST_MATH = YES;
				SDKROOT = iphoneos;
				SWIFT_COMPILATION_MODE = wholemodule;
				VALIDATE_PRODUCT = YES;
			};
			name = Release;
		};
		F516C99D2DA6A38D00698F9E /* Debug */ = {
			isa = XCBuildConfiguration;
			buildSettings = {
				ASSETCATALOG_COMPILER_APPICON_NAME = AppIcon;
				ASSETCATALOG_COMPILER_GLOBAL_ACCENT_COLOR_NAME = AccentColor;
				CODE_SIGN_ENTITLEMENTS = Trackli/Trackli.entitlements;
				CODE_SIGN_STYLE = Automatic;
				CURRENT_PROJECT_VERSION = 1;
				DEVELOPMENT_ASSET_PATHS = "\"Trackli/Preview Content\"";
				DEVELOPMENT_TEAM = HCL5YVAR64;
				ENABLE_PREVIEWS = YES;
				GENERATE_INFOPLIST_FILE = YES;
				INFOPLIST_KEY_UIApplicationSceneManifest_Generation = YES;
				INFOPLIST_KEY_UIApplicationSupportsIndirectInputEvents = YES;
				INFOPLIST_KEY_UILaunchScreen_Generation = YES;
				INFOPLIST_KEY_UISupportedInterfaceOrientations = UIInterfaceOrientationPortrait;
				IPHONEOS_DEPLOYMENT_TARGET = 15.0;
				LD_RUNPATH_SEARCH_PATHS = (
					"$(inherited)",
					"@executable_path/Frameworks",
				);
				MARKETING_VERSION = 1.0;
				PRODUCT_BUNDLE_IDENTIFIER = name.natalianikiforuk.Trackli;
				PRODUCT_NAME = "$(TARGET_NAME)";
				SWIFT_EMIT_LOC_STRINGS = YES;
				SWIFT_VERSION = 5.0;
				TARGETED_DEVICE_FAMILY = "1,2";
			};
			name = Debug;
		};
		F516C99E2DA6A38D00698F9E /* Release */ = {
			isa = XCBuildConfiguration;
			buildSettings = {
				ASSETCATALOG_COMPILER_APPICON_NAME = AppIcon;
				ASSETCATALOG_COMPILER_GLOBAL_ACCENT_COLOR_NAME = AccentColor;
				CODE_SIGN_ENTITLEMENTS = Trackli/Trackli.entitlements;
				CODE_SIGN_STYLE = Automatic;
				CURRENT_PROJECT_VERSION = 1;
				DEVELOPMENT_ASSET_PATHS = "\"Trackli/Preview Content\"";
				DEVELOPMENT_TEAM = HCL5YVAR64;
				ENABLE_PREVIEWS = YES;
				GENERATE_INFOPLIST_FILE = YES;
				INFOPLIST_KEY_UIApplicationSceneManifest_Generation = YES;
				INFOPLIST_KEY_UIApplicationSupportsIndirectInputEvents = YES;
				INFOPLIST_KEY_UILaunchScreen_Generation = YES;
				INFOPLIST_KEY_UISupportedInterfaceOrientations = UIInterfaceOrientationPortrait;
				IPHONEOS_DEPLOYMENT_TARGET = 15.0;
				LD_RUNPATH_SEARCH_PATHS = (
					"$(inherited)",
					"@executable_path/Frameworks",
				);
				MARKETING_VERSION = 1.0;
				PRODUCT_BUNDLE_IDENTIFIER = name.natalianikiforuk.Trackli;
				PRODUCT_NAME = "$(TARGET_NAME)";
				SWIFT_EMIT_LOC_STRINGS = YES;
				SWIFT_VERSION = 5.0;
				TARGETED_DEVICE_FAMILY = "1,2";
			};
			name = Release;
		};
		F516C9A02DA6A38D00698F9E /* Debug */ = {
			isa = XCBuildConfiguration;
			buildSettings = {
				BUNDLE_LOADER = "$(TEST_HOST)";
				CODE_SIGN_STYLE = Automatic;
				CURRENT_PROJECT_VERSION = 1;
				DEVELOPMENT_TEAM = HCL5YVAR64;
				GENERATE_INFOPLIST_FILE = YES;
				IPHONEOS_DEPLOYMENT_TARGET = 18.2;
				MARKETING_VERSION = 1.0;
				PRODUCT_BUNDLE_IDENTIFIER = name.natalianikiforuk.TrackliTests;
				PRODUCT_NAME = "$(TARGET_NAME)";
				SWIFT_EMIT_LOC_STRINGS = NO;
				SWIFT_VERSION = 5.0;
				TARGETED_DEVICE_FAMILY = "1,2";
				TEST_HOST = "$(BUILT_PRODUCTS_DIR)/Trackli.app/$(BUNDLE_EXECUTABLE_FOLDER_PATH)/Trackli";
			};
			name = Debug;
		};
		F516C9A12DA6A38D00698F9E /* Release */ = {
			isa = XCBuildConfiguration;
			buildSettings = {
				BUNDLE_LOADER = "$(TEST_HOST)";
				CODE_SIGN_STYLE = Automatic;
				CURRENT_PROJECT_VERSION = 1;
				DEVELOPMENT_TEAM = HCL5YVAR64;
				GENERATE_INFOPLIST_FILE = YES;
				IPHONEOS_DEPLOYMENT_TARGET = 18.2;
				MARKETING_VERSION = 1.0;
				PRODUCT_BUNDLE_IDENTIFIER = name.natalianikiforuk.TrackliTests;
				PRODUCT_NAME = "$(TARGET_NAME)";
				SWIFT_EMIT_LOC_STRINGS = NO;
				SWIFT_VERSION = 5.0;
				TARGETED_DEVICE_FAMILY = "1,2";
				TEST_HOST = "$(BUILT_PRODUCTS_DIR)/Trackli.app/$(BUNDLE_EXECUTABLE_FOLDER_PATH)/Trackli";
			};
			name = Release;
		};
		F516C9A32DA6A38D00698F9E /* Debug */ = {
			isa = XCBuildConfiguration;
			buildSettings = {
				CODE_SIGN_STYLE = Automatic;
				CURRENT_PROJECT_VERSION = 1;
				DEVELOPMENT_TEAM = HCL5YVAR64;
				GENERATE_INFOPLIST_FILE = YES;
				MARKETING_VERSION = 1.0;
				PRODUCT_BUNDLE_IDENTIFIER = name.natalianikiforuk.TrackliUITests;
				PRODUCT_NAME = "$(TARGET_NAME)";
				SWIFT_EMIT_LOC_STRINGS = NO;
				SWIFT_VERSION = 5.0;
				TARGETED_DEVICE_FAMILY = "1,2";
				TEST_TARGET_NAME = Trackli;
			};
			name = Debug;
		};
		F516C9A42DA6A38D00698F9E /* Release */ = {
			isa = XCBuildConfiguration;
			buildSettings = {
				CODE_SIGN_STYLE = Automatic;
				CURRENT_PROJECT_VERSION = 1;
				DEVELOPMENT_TEAM = HCL5YVAR64;
				GENERATE_INFOPLIST_FILE = YES;
				MARKETING_VERSION = 1.0;
				PRODUCT_BUNDLE_IDENTIFIER = name.natalianikiforuk.TrackliUITests;
				PRODUCT_NAME = "$(TARGET_NAME)";
				SWIFT_EMIT_LOC_STRINGS = NO;
				SWIFT_VERSION = 5.0;
				TARGETED_DEVICE_FAMILY = "1,2";
				TEST_TARGET_NAME = Trackli;
			};
			name = Release;
		};
		F516CA192DA6B1DC00698F9E /* Debug */ = {
			isa = XCBuildConfiguration;
			buildSettings = {
				ASSETCATALOG_COMPILER_GLOBAL_ACCENT_COLOR_NAME = AccentColor;
				ASSETCATALOG_COMPILER_WIDGET_BACKGROUND_COLOR_NAME = WidgetBackground;
				CODE_SIGN_ENTITLEMENTS = CustomWidgetExtension.entitlements;
				CODE_SIGN_STYLE = Automatic;
				CURRENT_PROJECT_VERSION = 1;
				DEVELOPMENT_TEAM = HCL5YVAR64;
				GENERATE_INFOPLIST_FILE = YES;
				INFOPLIST_FILE = CustomWidget/Info.plist;
				INFOPLIST_KEY_CFBundleDisplayName = CustomWidget;
				INFOPLIST_KEY_NSHumanReadableCopyright = "";
				IPHONEOS_DEPLOYMENT_TARGET = 15.0;
				LD_RUNPATH_SEARCH_PATHS = (
					"$(inherited)",
					"@executable_path/Frameworks",
					"@executable_path/../../Frameworks",
				);
				MARKETING_VERSION = 1.0;
				PRODUCT_BUNDLE_IDENTIFIER = name.natalianikiforuk.Trackli.CustomWidget;
				PRODUCT_NAME = "$(TARGET_NAME)";
				SKIP_INSTALL = YES;
				SWIFT_EMIT_LOC_STRINGS = YES;
				SWIFT_VERSION = 5.0;
				TARGETED_DEVICE_FAMILY = "1,2";
			};
			name = Debug;
		};
		F516CA1A2DA6B1DC00698F9E /* Release */ = {
			isa = XCBuildConfiguration;
			buildSettings = {
				ASSETCATALOG_COMPILER_GLOBAL_ACCENT_COLOR_NAME = AccentColor;
				ASSETCATALOG_COMPILER_WIDGET_BACKGROUND_COLOR_NAME = WidgetBackground;
				CODE_SIGN_ENTITLEMENTS = CustomWidgetExtension.entitlements;
				CODE_SIGN_STYLE = Automatic;
				CURRENT_PROJECT_VERSION = 1;
				DEVELOPMENT_TEAM = HCL5YVAR64;
				GENERATE_INFOPLIST_FILE = YES;
				INFOPLIST_FILE = CustomWidget/Info.plist;
				INFOPLIST_KEY_CFBundleDisplayName = CustomWidget;
				INFOPLIST_KEY_NSHumanReadableCopyright = "";
				IPHONEOS_DEPLOYMENT_TARGET = 15.0;
				LD_RUNPATH_SEARCH_PATHS = (
					"$(inherited)",
					"@executable_path/Frameworks",
					"@executable_path/../../Frameworks",
				);
				MARKETING_VERSION = 1.0;
				PRODUCT_BUNDLE_IDENTIFIER = name.natalianikiforuk.Trackli.CustomWidget;
				PRODUCT_NAME = "$(TARGET_NAME)";
				SKIP_INSTALL = YES;
				SWIFT_EMIT_LOC_STRINGS = YES;
				SWIFT_VERSION = 5.0;
				TARGETED_DEVICE_FAMILY = "1,2";
			};
			name = Release;
		};
/* End XCBuildConfiguration section */

/* Begin XCConfigurationList section */
		F516C96E2DA6A38B00698F9E /* Build configuration list for PBXProject "Trackli" */ = {
			isa = XCConfigurationList;
			buildConfigurations = (
				F516C99A2DA6A38D00698F9E /* Debug */,
				F516C99B2DA6A38D00698F9E /* Release */,
			);
			defaultConfigurationIsVisible = 0;
			defaultConfigurationName = Release;
		};
		F516C99C2DA6A38D00698F9E /* Build configuration list for PBXNativeTarget "Trackli" */ = {
			isa = XCConfigurationList;
			buildConfigurations = (
				F516C99D2DA6A38D00698F9E /* Debug */,
				F516C99E2DA6A38D00698F9E /* Release */,
			);
			defaultConfigurationIsVisible = 0;
			defaultConfigurationName = Release;
		};
		F516C99F2DA6A38D00698F9E /* Build configuration list for PBXNativeTarget "TrackliTests" */ = {
			isa = XCConfigurationList;
			buildConfigurations = (
				F516C9A02DA6A38D00698F9E /* Debug */,
				F516C9A12DA6A38D00698F9E /* Release */,
			);
			defaultConfigurationIsVisible = 0;
			defaultConfigurationName = Release;
		};
		F516C9A22DA6A38D00698F9E /* Build configuration list for PBXNativeTarget "TrackliUITests" */ = {
			isa = XCConfigurationList;
			buildConfigurations = (
				F516C9A32DA6A38D00698F9E /* Debug */,
				F516C9A42DA6A38D00698F9E /* Release */,
			);
			defaultConfigurationIsVisible = 0;
			defaultConfigurationName = Release;
		};
		F516CA182DA6B1DC00698F9E /* Build configuration list for PBXNativeTarget "CustomWidgetExtension" */ = {
			isa = XCConfigurationList;
			buildConfigurations = (
				F516CA192DA6B1DC00698F9E /* Debug */,
				F516CA1A2DA6B1DC00698F9E /* Release */,
			);
			defaultConfigurationIsVisible = 0;
			defaultConfigurationName = Release;
		};
/* End XCConfigurationList section */
	};
	rootObject = F516C96B2DA6A38B00698F9E /* Project object */;
}
